// !$*UTF8*$!
{
	archiveVersion = 1;
	classes = {
	};
	objectVersion = 50;
	objects = {

/* Begin PBXBuildFile section */
		148A3B87D3353656610DC064 /* Pods_Rebecca_InspiresUITests.framework in Frameworks */ = {isa = PBXBuildFile; fileRef = 5E41E0D72C4E1974F77AC691 /* Pods_Rebecca_InspiresUITests.framework */; };
		221B5236208FB3680069889F /* MyData.swift in Sources */ = {isa = PBXBuildFile; fileRef = 221B5235208FB3680069889F /* MyData.swift */; };
		223FC2C720AB34690086F686 /* CircularTransition.swift in Sources */ = {isa = PBXBuildFile; fileRef = 223FC2C620AB34690086F686 /* CircularTransition.swift */; };
		226A40B020AB5C9F009ED01D /* LoginViewController.swift in Sources */ = {isa = PBXBuildFile; fileRef = 226A40AF20AB5C9F009ED01D /* LoginViewController.swift */; };
		22903F65208BCDAF00A44314 /* AppDelegate.swift in Sources */ = {isa = PBXBuildFile; fileRef = 22903F64208BCDAF00A44314 /* AppDelegate.swift */; };
		22903F67208BCDAF00A44314 /* MainViewController.swift in Sources */ = {isa = PBXBuildFile; fileRef = 22903F66208BCDAF00A44314 /* MainViewController.swift */; };
		22903F6A208BCDAF00A44314 /* Main.storyboard in Resources */ = {isa = PBXBuildFile; fileRef = 22903F68208BCDAF00A44314 /* Main.storyboard */; };
		22903F6C208BCDAF00A44314 /* Assets.xcassets in Resources */ = {isa = PBXBuildFile; fileRef = 22903F6B208BCDAF00A44314 /* Assets.xcassets */; };
		22903F6F208BCDAF00A44314 /* LaunchScreen.storyboard in Resources */ = {isa = PBXBuildFile; fileRef = 22903F6D208BCDAF00A44314 /* LaunchScreen.storyboard */; };
		22903F7A208BCDAF00A44314 /* Rebecca_InspiresTests.swift in Sources */ = {isa = PBXBuildFile; fileRef = 22903F79208BCDAF00A44314 /* Rebecca_InspiresTests.swift */; };
		22903F85208BCDAF00A44314 /* Rebecca_InspiresUITests.swift in Sources */ = {isa = PBXBuildFile; fileRef = 22903F84208BCDAF00A44314 /* Rebecca_InspiresUITests.swift */; };
		22903F93208BCE9C00A44314 /* VideosViewController.swift in Sources */ = {isa = PBXBuildFile; fileRef = 22903F92208BCE9C00A44314 /* VideosViewController.swift */; };
		22C432CE20B35A4E00D8B24C /* ContactViewController.swift in Sources */ = {isa = PBXBuildFile; fileRef = 22C432CD20B35A4E00D8B24C /* ContactViewController.swift */; };
		22E7554A20ADD90B00B3D269 /* ShakingTextField.swift in Sources */ = {isa = PBXBuildFile; fileRef = 22E7554920ADD90B00B3D269 /* ShakingTextField.swift */; };
		22E7555020ADFC9500B3D269 /* SignupViewController.swift in Sources */ = {isa = PBXBuildFile; fileRef = 22E7554F20ADFC9500B3D269 /* SignupViewController.swift */; };
		2B8C03FB9AB064E7A353D254 /* Pods_Rebecca_InspiresTests.framework in Frameworks */ = {isa = PBXBuildFile; fileRef = 7421B9CD668BCF007BE8B080 /* Pods_Rebecca_InspiresTests.framework */; };
/* End PBXBuildFile section */

/* Begin PBXContainerItemProxy section */
		22903F76208BCDAF00A44314 /* PBXContainerItemProxy */ = {
			isa = PBXContainerItemProxy;
			containerPortal = 22903F59208BCDAF00A44314 /* Project object */;
			proxyType = 1;
			remoteGlobalIDString = 22903F60208BCDAF00A44314;
			remoteInfo = "Rebecca Inspires";
		};
		22903F81208BCDAF00A44314 /* PBXContainerItemProxy */ = {
			isa = PBXContainerItemProxy;
			containerPortal = 22903F59208BCDAF00A44314 /* Project object */;
			proxyType = 1;
			remoteGlobalIDString = 22903F60208BCDAF00A44314;
			remoteInfo = "Rebecca Inspires";
		};
/* End PBXContainerItemProxy section */

/* Begin PBXFileReference section */
		221B5235208FB3680069889F /* MyData.swift */ = {isa = PBXFileReference; lastKnownFileType = sourcecode.swift; path = MyData.swift; sourceTree = "<group>"; };
		223B3B1620B3677300CBA5DF /* Podfile */ = {isa = PBXFileReference; lastKnownFileType = text; path = Podfile; sourceTree = "<group>"; };
		223FC2C620AB34690086F686 /* CircularTransition.swift */ = {isa = PBXFileReference; fileEncoding = 4; lastKnownFileType = sourcecode.swift; name = CircularTransition.swift; path = "../../CircularTransition-master/CircularTransition/CircularTransition.swift"; sourceTree = "<group>"; };
		226A40AF20AB5C9F009ED01D /* LoginViewController.swift */ = {isa = PBXFileReference; lastKnownFileType = sourcecode.swift; path = LoginViewController.swift; sourceTree = "<group>"; };
		22903F61208BCDAF00A44314 /* Rebecca Inspires.app */ = {isa = PBXFileReference; explicitFileType = wrapper.application; includeInIndex = 0; path = "Rebecca Inspires.app"; sourceTree = BUILT_PRODUCTS_DIR; };
		22903F64208BCDAF00A44314 /* AppDelegate.swift */ = {isa = PBXFileReference; lastKnownFileType = sourcecode.swift; path = AppDelegate.swift; sourceTree = "<group>"; };
		22903F66208BCDAF00A44314 /* MainViewController.swift */ = {isa = PBXFileReference; lastKnownFileType = sourcecode.swift; path = MainViewController.swift; sourceTree = "<group>"; };
		22903F69208BCDAF00A44314 /* Base */ = {isa = PBXFileReference; lastKnownFileType = file.storyboard; name = Base; path = Base.lproj/Main.storyboard; sourceTree = "<group>"; };
		22903F6B208BCDAF00A44314 /* Assets.xcassets */ = {isa = PBXFileReference; lastKnownFileType = folder.assetcatalog; path = Assets.xcassets; sourceTree = "<group>"; };
		22903F6E208BCDAF00A44314 /* Base */ = {isa = PBXFileReference; lastKnownFileType = file.storyboard; name = Base; path = Base.lproj/LaunchScreen.storyboard; sourceTree = "<group>"; };
		22903F70208BCDAF00A44314 /* Info.plist */ = {isa = PBXFileReference; lastKnownFileType = text.plist.xml; path = Info.plist; sourceTree = "<group>"; };
		22903F75208BCDAF00A44314 /* Rebecca InspiresTests.xctest */ = {isa = PBXFileReference; explicitFileType = wrapper.cfbundle; includeInIndex = 0; path = "Rebecca InspiresTests.xctest"; sourceTree = BUILT_PRODUCTS_DIR; };
		22903F79208BCDAF00A44314 /* Rebecca_InspiresTests.swift */ = {isa = PBXFileReference; lastKnownFileType = sourcecode.swift; path = Rebecca_InspiresTests.swift; sourceTree = "<group>"; };
		22903F7B208BCDAF00A44314 /* Info.plist */ = {isa = PBXFileReference; lastKnownFileType = text.plist.xml; path = Info.plist; sourceTree = "<group>"; };
		22903F80208BCDAF00A44314 /* Rebecca InspiresUITests.xctest */ = {isa = PBXFileReference; explicitFileType = wrapper.cfbundle; includeInIndex = 0; path = "Rebecca InspiresUITests.xctest"; sourceTree = BUILT_PRODUCTS_DIR; };
		22903F84208BCDAF00A44314 /* Rebecca_InspiresUITests.swift */ = {isa = PBXFileReference; lastKnownFileType = sourcecode.swift; path = Rebecca_InspiresUITests.swift; sourceTree = "<group>"; };
		22903F86208BCDAF00A44314 /* Info.plist */ = {isa = PBXFileReference; lastKnownFileType = text.plist.xml; path = Info.plist; sourceTree = "<group>"; };
		22903F92208BCE9C00A44314 /* VideosViewController.swift */ = {isa = PBXFileReference; lastKnownFileType = sourcecode.swift; path = VideosViewController.swift; sourceTree = "<group>"; };
		22C432CD20B35A4E00D8B24C /* ContactViewController.swift */ = {isa = PBXFileReference; lastKnownFileType = sourcecode.swift; path = ContactViewController.swift; sourceTree = "<group>"; };
		22E7554920ADD90B00B3D269 /* ShakingTextField.swift */ = {isa = PBXFileReference; lastKnownFileType = sourcecode.swift; path = ShakingTextField.swift; sourceTree = "<group>"; };
		22E7554F20ADFC9500B3D269 /* SignupViewController.swift */ = {isa = PBXFileReference; lastKnownFileType = sourcecode.swift; path = SignupViewController.swift; sourceTree = "<group>"; };
		5115627809850D79B84A97A0 /* Pods-Rebecca InspiresUITests.release.xcconfig */ = {isa = PBXFileReference; includeInIndex = 1; lastKnownFileType = text.xcconfig; name = "Pods-Rebecca InspiresUITests.release.xcconfig"; path = "Pods/Target Support Files/Pods-Rebecca InspiresUITests/Pods-Rebecca InspiresUITests.release.xcconfig"; sourceTree = "<group>"; };
		55709B5D02BD804EA85BFF71 /* Pods-Rebecca InspiresTests.debug.xcconfig */ = {isa = PBXFileReference; includeInIndex = 1; lastKnownFileType = text.xcconfig; name = "Pods-Rebecca InspiresTests.debug.xcconfig"; path = "Pods/Target Support Files/Pods-Rebecca InspiresTests/Pods-Rebecca InspiresTests.debug.xcconfig"; sourceTree = "<group>"; };
		58A818B2EBD46C13DB2D877A /* Pods-Rebecca InspiresUITests.debug.xcconfig */ = {isa = PBXFileReference; includeInIndex = 1; lastKnownFileType = text.xcconfig; name = "Pods-Rebecca InspiresUITests.debug.xcconfig"; path = "Pods/Target Support Files/Pods-Rebecca InspiresUITests/Pods-Rebecca InspiresUITests.debug.xcconfig"; sourceTree = "<group>"; };
		5E41E0D72C4E1974F77AC691 /* Pods_Rebecca_InspiresUITests.framework */ = {isa = PBXFileReference; explicitFileType = wrapper.framework; includeInIndex = 0; path = Pods_Rebecca_InspiresUITests.framework; sourceTree = BUILT_PRODUCTS_DIR; };
		6B62A7DCD12B89C770425D2B /* Pods-Rebecca Inspires.release.xcconfig */ = {isa = PBXFileReference; includeInIndex = 1; lastKnownFileType = text.xcconfig; name = "Pods-Rebecca Inspires.release.xcconfig"; path = "Pods/Target Support Files/Pods-Rebecca Inspires/Pods-Rebecca Inspires.release.xcconfig"; sourceTree = "<group>"; };
		7421B9CD668BCF007BE8B080 /* Pods_Rebecca_InspiresTests.framework */ = {isa = PBXFileReference; explicitFileType = wrapper.framework; includeInIndex = 0; path = Pods_Rebecca_InspiresTests.framework; sourceTree = BUILT_PRODUCTS_DIR; };
		A02A03D838126864C3FE0DF8 /* Pods-Rebecca Inspires.debug.xcconfig */ = {isa = PBXFileReference; includeInIndex = 1; lastKnownFileType = text.xcconfig; name = "Pods-Rebecca Inspires.debug.xcconfig"; path = "Pods/Target Support Files/Pods-Rebecca Inspires/Pods-Rebecca Inspires.debug.xcconfig"; sourceTree = "<group>"; };
		A97E7CB5039DA0FB2EF85914 /* Pods-Rebecca InspiresTests.release.xcconfig */ = {isa = PBXFileReference; includeInIndex = 1; lastKnownFileType = text.xcconfig; name = "Pods-Rebecca InspiresTests.release.xcconfig"; path = "Pods/Target Support Files/Pods-Rebecca InspiresTests/Pods-Rebecca InspiresTests.release.xcconfig"; sourceTree = "<group>"; };
		DA821EFCC5D48456A39F84E4 /* Pods_Rebecca_Inspires.framework */ = {isa = PBXFileReference; explicitFileType = wrapper.framework; includeInIndex = 0; path = Pods_Rebecca_Inspires.framework; sourceTree = BUILT_PRODUCTS_DIR; };
/* End PBXFileReference section */

/* Begin PBXFrameworksBuildPhase section */
		22903F5E208BCDAF00A44314 /* Frameworks */ = {
			isa = PBXFrameworksBuildPhase;
			buildActionMask = 2147483647;
			files = (
			);
			runOnlyForDeploymentPostprocessing = 0;
		};
		22903F72208BCDAF00A44314 /* Frameworks */ = {
			isa = PBXFrameworksBuildPhase;
			buildActionMask = 2147483647;
			files = (
				2B8C03FB9AB064E7A353D254 /* Pods_Rebecca_InspiresTests.framework in Frameworks */,
			);
			runOnlyForDeploymentPostprocessing = 0;
		};
		22903F7D208BCDAF00A44314 /* Frameworks */ = {
			isa = PBXFrameworksBuildPhase;
			buildActionMask = 2147483647;
			files = (
				148A3B87D3353656610DC064 /* Pods_Rebecca_InspiresUITests.framework in Frameworks */,
			);
			runOnlyForDeploymentPostprocessing = 0;
		};
/* End PBXFrameworksBuildPhase section */

/* Begin PBXGroup section */
		22903F58208BCDAF00A44314 = {
			isa = PBXGroup;
			children = (
				22903F63208BCDAF00A44314 /* Rebecca Inspires */,
				22903F78208BCDAF00A44314 /* Rebecca InspiresTests */,
				22903F83208BCDAF00A44314 /* Rebecca InspiresUITests */,
				22903F62208BCDAF00A44314 /* Products */,
				22903F95208BD6F100A44314 /* Frameworks */,
				BAD6FFCE260F0A8F979C44D3 /* Pods */,
			);
			sourceTree = "<group>";
		};
		22903F62208BCDAF00A44314 /* Products */ = {
			isa = PBXGroup;
			children = (
				22903F61208BCDAF00A44314 /* Rebecca Inspires.app */,
				22903F75208BCDAF00A44314 /* Rebecca InspiresTests.xctest */,
				22903F80208BCDAF00A44314 /* Rebecca InspiresUITests.xctest */,
			);
			name = Products;
			sourceTree = "<group>";
		};
		22903F63208BCDAF00A44314 /* Rebecca Inspires */ = {
			isa = PBXGroup;
			children = (
				22E7554F20ADFC9500B3D269 /* SignupViewController.swift */,
				226A40AF20AB5C9F009ED01D /* LoginViewController.swift */,
				22903F66208BCDAF00A44314 /* MainViewController.swift */,
				22903F92208BCE9C00A44314 /* VideosViewController.swift */,
				22C432CD20B35A4E00D8B24C /* ContactViewController.swift */,
				22903F68208BCDAF00A44314 /* Main.storyboard */,
				22903F6B208BCDAF00A44314 /* Assets.xcassets */,
				221B5235208FB3680069889F /* MyData.swift */,
				223FC2C620AB34690086F686 /* CircularTransition.swift */,
				22E7554920ADD90B00B3D269 /* ShakingTextField.swift */,
				22903F64208BCDAF00A44314 /* AppDelegate.swift */,
				22903F6D208BCDAF00A44314 /* LaunchScreen.storyboard */,
				22903F70208BCDAF00A44314 /* Info.plist */,
			);
			path = "Rebecca Inspires";
			sourceTree = "<group>";
		};
		22903F78208BCDAF00A44314 /* Rebecca InspiresTests */ = {
			isa = PBXGroup;
			children = (
				22903F79208BCDAF00A44314 /* Rebecca_InspiresTests.swift */,
				22903F7B208BCDAF00A44314 /* Info.plist */,
			);
			path = "Rebecca InspiresTests";
			sourceTree = "<group>";
		};
		22903F83208BCDAF00A44314 /* Rebecca InspiresUITests */ = {
			isa = PBXGroup;
			children = (
				22903F84208BCDAF00A44314 /* Rebecca_InspiresUITests.swift */,
				22903F86208BCDAF00A44314 /* Info.plist */,
			);
			path = "Rebecca InspiresUITests";
			sourceTree = "<group>";
		};
		22903F95208BD6F100A44314 /* Frameworks */ = {
			isa = PBXGroup;
			children = (
				223B3B1620B3677300CBA5DF /* Podfile */,
				DA821EFCC5D48456A39F84E4 /* Pods_Rebecca_Inspires.framework */,
				7421B9CD668BCF007BE8B080 /* Pods_Rebecca_InspiresTests.framework */,
				5E41E0D72C4E1974F77AC691 /* Pods_Rebecca_InspiresUITests.framework */,
			);
			name = Frameworks;
			sourceTree = "<group>";
		};
		BAD6FFCE260F0A8F979C44D3 /* Pods */ = {
			isa = PBXGroup;
			children = (
				A02A03D838126864C3FE0DF8 /* Pods-Rebecca Inspires.debug.xcconfig */,
				6B62A7DCD12B89C770425D2B /* Pods-Rebecca Inspires.release.xcconfig */,
				55709B5D02BD804EA85BFF71 /* Pods-Rebecca InspiresTests.debug.xcconfig */,
				A97E7CB5039DA0FB2EF85914 /* Pods-Rebecca InspiresTests.release.xcconfig */,
				58A818B2EBD46C13DB2D877A /* Pods-Rebecca InspiresUITests.debug.xcconfig */,
				5115627809850D79B84A97A0 /* Pods-Rebecca InspiresUITests.release.xcconfig */,
			);
			name = Pods;
			sourceTree = "<group>";
		};
/* End PBXGroup section */

/* Begin PBXNativeTarget section */
		22903F60208BCDAF00A44314 /* Rebecca Inspires */ = {
			isa = PBXNativeTarget;
			buildConfigurationList = 22903F89208BCDAF00A44314 /* Build configuration list for PBXNativeTarget "Rebecca Inspires" */;
			buildPhases = (
				3692C9AEC567776D478F77EE /* [CP] Check Pods Manifest.lock */,
				22903F5D208BCDAF00A44314 /* Sources */,
				22903F5E208BCDAF00A44314 /* Frameworks */,
				22903F5F208BCDAF00A44314 /* Resources */,
			);
			buildRules = (
			);
			dependencies = (
			);
			name = "Rebecca Inspires";
			productName = "Rebecca Inspires";
			productReference = 22903F61208BCDAF00A44314 /* Rebecca Inspires.app */;
			productType = "com.apple.product-type.application";
		};
		22903F74208BCDAF00A44314 /* Rebecca InspiresTests */ = {
			isa = PBXNativeTarget;
			buildConfigurationList = 22903F8C208BCDAF00A44314 /* Build configuration list for PBXNativeTarget "Rebecca InspiresTests" */;
			buildPhases = (
				D2CED4326D98E3901C64D259 /* [CP] Check Pods Manifest.lock */,
				22903F71208BCDAF00A44314 /* Sources */,
				22903F72208BCDAF00A44314 /* Frameworks */,
				22903F73208BCDAF00A44314 /* Resources */,
			);
			buildRules = (
			);
			dependencies = (
				22903F77208BCDAF00A44314 /* PBXTargetDependency */,
			);
			name = "Rebecca InspiresTests";
			productName = "Rebecca InspiresTests";
			productReference = 22903F75208BCDAF00A44314 /* Rebecca InspiresTests.xctest */;
			productType = "com.apple.product-type.bundle.unit-test";
		};
		22903F7F208BCDAF00A44314 /* Rebecca InspiresUITests */ = {
			isa = PBXNativeTarget;
			buildConfigurationList = 22903F8F208BCDAF00A44314 /* Build configuration list for PBXNativeTarget "Rebecca InspiresUITests" */;
			buildPhases = (
				4263E63375F22ED9316F2C23 /* [CP] Check Pods Manifest.lock */,
				22903F7C208BCDAF00A44314 /* Sources */,
				22903F7D208BCDAF00A44314 /* Frameworks */,
				22903F7E208BCDAF00A44314 /* Resources */,
			);
			buildRules = (
			);
			dependencies = (
				22903F82208BCDAF00A44314 /* PBXTargetDependency */,
			);
			name = "Rebecca InspiresUITests";
			productName = "Rebecca InspiresUITests";
			productReference = 22903F80208BCDAF00A44314 /* Rebecca InspiresUITests.xctest */;
			productType = "com.apple.product-type.bundle.ui-testing";
		};
/* End PBXNativeTarget section */

/* Begin PBXProject section */
		22903F59208BCDAF00A44314 /* Project object */ = {
			isa = PBXProject;
			attributes = {
				LastSwiftUpdateCheck = 0920;
				LastUpgradeCheck = 0930;
				ORGANIZATIONNAME = "Samuel Miller";
				TargetAttributes = {
					22903F60208BCDAF00A44314 = {
						CreatedOnToolsVersion = 9.2;
						LastSwiftMigration = 0930;
						ProvisioningStyle = Automatic;
					};
					22903F74208BCDAF00A44314 = {
						CreatedOnToolsVersion = 9.2;
						ProvisioningStyle = Automatic;
						TestTargetID = 22903F60208BCDAF00A44314;
					};
					22903F7F208BCDAF00A44314 = {
						CreatedOnToolsVersion = 9.2;
						ProvisioningStyle = Automatic;
						TestTargetID = 22903F60208BCDAF00A44314;
					};
				};
			};
			buildConfigurationList = 22903F5C208BCDAF00A44314 /* Build configuration list for PBXProject "Rebecca Inspires" */;
			compatibilityVersion = "Xcode 9.3";
			developmentRegion = en;
			hasScannedForEncodings = 0;
			knownRegions = (
				en,
				Base,
			);
			mainGroup = 22903F58208BCDAF00A44314;
			productRefGroup = 22903F62208BCDAF00A44314 /* Products */;
			projectDirPath = "";
			projectRoot = "";
			targets = (
				22903F60208BCDAF00A44314 /* Rebecca Inspires */,
				22903F74208BCDAF00A44314 /* Rebecca InspiresTests */,
				22903F7F208BCDAF00A44314 /* Rebecca InspiresUITests */,
			);
		};
/* End PBXProject section */

/* Begin PBXResourcesBuildPhase section */
		22903F5F208BCDAF00A44314 /* Resources */ = {
			isa = PBXResourcesBuildPhase;
			buildActionMask = 2147483647;
			files = (
				22903F6F208BCDAF00A44314 /* LaunchScreen.storyboard in Resources */,
				22903F6C208BCDAF00A44314 /* Assets.xcassets in Resources */,
				22903F6A208BCDAF00A44314 /* Main.storyboard in Resources */,
			);
			runOnlyForDeploymentPostprocessing = 0;
		};
		22903F73208BCDAF00A44314 /* Resources */ = {
			isa = PBXResourcesBuildPhase;
			buildActionMask = 2147483647;
			files = (
			);
			runOnlyForDeploymentPostprocessing = 0;
		};
		22903F7E208BCDAF00A44314 /* Resources */ = {
			isa = PBXResourcesBuildPhase;
			buildActionMask = 2147483647;
			files = (
			);
			runOnlyForDeploymentPostprocessing = 0;
		};
/* End PBXResourcesBuildPhase section */

/* Begin PBXShellScriptBuildPhase section */
		3692C9AEC567776D478F77EE /* [CP] Check Pods Manifest.lock */ = {
			isa = PBXShellScriptBuildPhase;
			buildActionMask = 2147483647;
			files = (
			);
			inputPaths = (
				"${PODS_PODFILE_DIR_PATH}/Podfile.lock",
				"${PODS_ROOT}/Manifest.lock",
			);
			name = "[CP] Check Pods Manifest.lock";
			outputPaths = (
				"$(DERIVED_FILE_DIR)/Pods-Rebecca Inspires-checkManifestLockResult.txt",
			);
			runOnlyForDeploymentPostprocessing = 0;
			shellPath = /bin/sh;
			shellScript = "diff \"${PODS_PODFILE_DIR_PATH}/Podfile.lock\" \"${PODS_ROOT}/Manifest.lock\" > /dev/null\nif [ $? != 0 ] ; then\n    # print error to STDERR\n    echo \"error: The sandbox is not in sync with the Podfile.lock. Run 'pod install' or update your CocoaPods installation.\" >&2\n    exit 1\nfi\n# This output is used by Xcode 'outputs' to avoid re-running this script phase.\necho \"SUCCESS\" > \"${SCRIPT_OUTPUT_FILE_0}\"\n";
			showEnvVarsInLog = 0;
		};
		4263E63375F22ED9316F2C23 /* [CP] Check Pods Manifest.lock */ = {
			isa = PBXShellScriptBuildPhase;
			buildActionMask = 2147483647;
			files = (
			);
			inputPaths = (
				"${PODS_PODFILE_DIR_PATH}/Podfile.lock",
				"${PODS_ROOT}/Manifest.lock",
			);
			name = "[CP] Check Pods Manifest.lock";
			outputPaths = (
				"$(DERIVED_FILE_DIR)/Pods-Rebecca InspiresUITests-checkManifestLockResult.txt",
			);
			runOnlyForDeploymentPostprocessing = 0;
			shellPath = /bin/sh;
			shellScript = "diff \"${PODS_PODFILE_DIR_PATH}/Podfile.lock\" \"${PODS_ROOT}/Manifest.lock\" > /dev/null\nif [ $? != 0 ] ; then\n    # print error to STDERR\n    echo \"error: The sandbox is not in sync with the Podfile.lock. Run 'pod install' or update your CocoaPods installation.\" >&2\n    exit 1\nfi\n# This output is used by Xcode 'outputs' to avoid re-running this script phase.\necho \"SUCCESS\" > \"${SCRIPT_OUTPUT_FILE_0}\"\n";
			showEnvVarsInLog = 0;
		};
		D2CED4326D98E3901C64D259 /* [CP] Check Pods Manifest.lock */ = {
			isa = PBXShellScriptBuildPhase;
			buildActionMask = 2147483647;
			files = (
			);
			inputPaths = (
				"${PODS_PODFILE_DIR_PATH}/Podfile.lock",
				"${PODS_ROOT}/Manifest.lock",
			);
			name = "[CP] Check Pods Manifest.lock";
			outputPaths = (
				"$(DERIVED_FILE_DIR)/Pods-Rebecca InspiresTests-checkManifestLockResult.txt",
			);
			runOnlyForDeploymentPostprocessing = 0;
			shellPath = /bin/sh;
			shellScript = "diff \"${PODS_PODFILE_DIR_PATH}/Podfile.lock\" \"${PODS_ROOT}/Manifest.lock\" > /dev/null\nif [ $? != 0 ] ; then\n    # print error to STDERR\n    echo \"error: The sandbox is not in sync with the Podfile.lock. Run 'pod install' or update your CocoaPods installation.\" >&2\n    exit 1\nfi\n# This output is used by Xcode 'outputs' to avoid re-running this script phase.\necho \"SUCCESS\" > \"${SCRIPT_OUTPUT_FILE_0}\"\n";
			showEnvVarsInLog = 0;
		};
/* End PBXShellScriptBuildPhase section */

/* Begin PBXSourcesBuildPhase section */
		22903F5D208BCDAF00A44314 /* Sources */ = {
			isa = PBXSourcesBuildPhase;
			buildActionMask = 2147483647;
			files = (
				226A40B020AB5C9F009ED01D /* LoginViewController.swift in Sources */,
				223FC2C720AB34690086F686 /* CircularTransition.swift in Sources */,
				22E7555020ADFC9500B3D269 /* SignupViewController.swift in Sources */,
				22903F93208BCE9C00A44314 /* VideosViewController.swift in Sources */,
				22E7554A20ADD90B00B3D269 /* ShakingTextField.swift in Sources */,
				22C432CE20B35A4E00D8B24C /* ContactViewController.swift in Sources */,
				22903F67208BCDAF00A44314 /* MainViewController.swift in Sources */,
				22903F65208BCDAF00A44314 /* AppDelegate.swift in Sources */,
				221B5236208FB3680069889F /* MyData.swift in Sources */,
			);
			runOnlyForDeploymentPostprocessing = 0;
		};
		22903F71208BCDAF00A44314 /* Sources */ = {
			isa = PBXSourcesBuildPhase;
			buildActionMask = 2147483647;
			files = (
				22903F7A208BCDAF00A44314 /* Rebecca_InspiresTests.swift in Sources */,
			);
			runOnlyForDeploymentPostprocessing = 0;
		};
		22903F7C208BCDAF00A44314 /* Sources */ = {
			isa = PBXSourcesBuildPhase;
			buildActionMask = 2147483647;
			files = (
				22903F85208BCDAF00A44314 /* Rebecca_InspiresUITests.swift in Sources */,
			);
			runOnlyForDeploymentPostprocessing = 0;
		};
/* End PBXSourcesBuildPhase section */

/* Begin PBXTargetDependency section */
		22903F77208BCDAF00A44314 /* PBXTargetDependency */ = {
			isa = PBXTargetDependency;
			target = 22903F60208BCDAF00A44314 /* Rebecca Inspires */;
			targetProxy = 22903F76208BCDAF00A44314 /* PBXContainerItemProxy */;
		};
		22903F82208BCDAF00A44314 /* PBXTargetDependency */ = {
			isa = PBXTargetDependency;
			target = 22903F60208BCDAF00A44314 /* Rebecca Inspires */;
			targetProxy = 22903F81208BCDAF00A44314 /* PBXContainerItemProxy */;
		};
/* End PBXTargetDependency section */

/* Begin PBXVariantGroup section */
		22903F68208BCDAF00A44314 /* Main.storyboard */ = {
			isa = PBXVariantGroup;
			children = (
				22903F69208BCDAF00A44314 /* Base */,
			);
			name = Main.storyboard;
			sourceTree = "<group>";
		};
		22903F6D208BCDAF00A44314 /* LaunchScreen.storyboard */ = {
			isa = PBXVariantGroup;
			children = (
				22903F6E208BCDAF00A44314 /* Base */,
			);
			name = LaunchScreen.storyboard;
			sourceTree = "<group>";
		};
/* End PBXVariantGroup section */

/* Begin XCBuildConfiguration section */
		22903F87208BCDAF00A44314 /* Debug */ = {
			isa = XCBuildConfiguration;
			buildSettings = {
				ALWAYS_SEARCH_USER_PATHS = NO;
				CLANG_ANALYZER_NONNULL = YES;
				CLANG_ANALYZER_NUMBER_OBJECT_CONVERSION = YES_AGGRESSIVE;
				CLANG_CXX_LANGUAGE_STANDARD = "gnu++14";
				CLANG_CXX_LIBRARY = "libc++";
				CLANG_ENABLE_MODULES = YES;
				CLANG_ENABLE_OBJC_ARC = YES;
				CLANG_WARN_BLOCK_CAPTURE_AUTORELEASING = YES;
				CLANG_WARN_BOOL_CONVERSION = YES;
				CLANG_WARN_COMMA = YES;
				CLANG_WARN_CONSTANT_CONVERSION = YES;
				CLANG_WARN_DEPRECATED_OBJC_IMPLEMENTATIONS = YES;
				CLANG_WARN_DIRECT_OBJC_ISA_USAGE = YES_ERROR;
				CLANG_WARN_DOCUMENTATION_COMMENTS = YES;
				CLANG_WARN_EMPTY_BODY = YES;
				CLANG_WARN_ENUM_CONVERSION = YES;
				CLANG_WARN_INFINITE_RECURSION = YES;
				CLANG_WARN_INT_CONVERSION = YES;
				CLANG_WARN_NON_LITERAL_NULL_CONVERSION = YES;
				CLANG_WARN_OBJC_IMPLICIT_RETAIN_SELF = YES;
				CLANG_WARN_OBJC_LITERAL_CONVERSION = YES;
				CLANG_WARN_OBJC_ROOT_CLASS = YES_ERROR;
				CLANG_WARN_RANGE_LOOP_ANALYSIS = YES;
				CLANG_WARN_STRICT_PROTOTYPES = YES;
				CLANG_WARN_SUSPICIOUS_MOVE = YES;
				CLANG_WARN_UNGUARDED_AVAILABILITY = YES_AGGRESSIVE;
				CLANG_WARN_UNREACHABLE_CODE = YES;
				CLANG_WARN__DUPLICATE_METHOD_MATCH = YES;
				CODE_SIGN_IDENTITY = "iPhone Developer";
				COPY_PHASE_STRIP = NO;
				DEBUG_INFORMATION_FORMAT = dwarf;
				ENABLE_STRICT_OBJC_MSGSEND = YES;
				ENABLE_TESTABILITY = YES;
				GCC_C_LANGUAGE_STANDARD = gnu11;
				GCC_DYNAMIC_NO_PIC = NO;
				GCC_NO_COMMON_BLOCKS = YES;
				GCC_OPTIMIZATION_LEVEL = 0;
				GCC_PREPROCESSOR_DEFINITIONS = (
					"DEBUG=1",
					"$(inherited)",
				);
				GCC_WARN_64_TO_32_BIT_CONVERSION = YES;
				GCC_WARN_ABOUT_RETURN_TYPE = YES_ERROR;
				GCC_WARN_UNDECLARED_SELECTOR = YES;
				GCC_WARN_UNINITIALIZED_AUTOS = YES_AGGRESSIVE;
				GCC_WARN_UNUSED_FUNCTION = YES;
				GCC_WARN_UNUSED_VARIABLE = YES;
				IPHONEOS_DEPLOYMENT_TARGET = 11.2;
				MTL_ENABLE_DEBUG_INFO = YES;
				ONLY_ACTIVE_ARCH = YES;
				SDKROOT = iphoneos;
				SWIFT_ACTIVE_COMPILATION_CONDITIONS = DEBUG;
				SWIFT_COMPILATION_MODE = singlefile;
				SWIFT_OPTIMIZATION_LEVEL = "-Onone";
			};
			name = Debug;
		};
		22903F88208BCDAF00A44314 /* Release */ = {
			isa = XCBuildConfiguration;
			buildSettings = {
				ALWAYS_SEARCH_USER_PATHS = NO;
				CLANG_ANALYZER_NONNULL = YES;
				CLANG_ANALYZER_NUMBER_OBJECT_CONVERSION = YES_AGGRESSIVE;
				CLANG_CXX_LANGUAGE_STANDARD = "gnu++14";
				CLANG_CXX_LIBRARY = "libc++";
				CLANG_ENABLE_MODULES = YES;
				CLANG_ENABLE_OBJC_ARC = YES;
				CLANG_WARN_BLOCK_CAPTURE_AUTORELEASING = YES;
				CLANG_WARN_BOOL_CONVERSION = YES;
				CLANG_WARN_COMMA = YES;
				CLANG_WARN_CONSTANT_CONVERSION = YES;
				CLANG_WARN_DEPRECATED_OBJC_IMPLEMENTATIONS = YES;
				CLANG_WARN_DIRECT_OBJC_ISA_USAGE = YES_ERROR;
				CLANG_WARN_DOCUMENTATION_COMMENTS = YES;
				CLANG_WARN_EMPTY_BODY = YES;
				CLANG_WARN_ENUM_CONVERSION = YES;
				CLANG_WARN_INFINITE_RECURSION = YES;
				CLANG_WARN_INT_CONVERSION = YES;
				CLANG_WARN_NON_LITERAL_NULL_CONVERSION = YES;
				CLANG_WARN_OBJC_IMPLICIT_RETAIN_SELF = YES;
				CLANG_WARN_OBJC_LITERAL_CONVERSION = YES;
				CLANG_WARN_OBJC_ROOT_CLASS = YES_ERROR;
				CLANG_WARN_RANGE_LOOP_ANALYSIS = YES;
				CLANG_WARN_STRICT_PROTOTYPES = YES;
				CLANG_WARN_SUSPICIOUS_MOVE = YES;
				CLANG_WARN_UNGUARDED_AVAILABILITY = YES_AGGRESSIVE;
				CLANG_WARN_UNREACHABLE_CODE = YES;
				CLANG_WARN__DUPLICATE_METHOD_MATCH = YES;
				CODE_SIGN_IDENTITY = "iPhone Developer";
				COPY_PHASE_STRIP = NO;
				DEBUG_INFORMATION_FORMAT = "dwarf-with-dsym";
				ENABLE_NS_ASSERTIONS = NO;
				ENABLE_STRICT_OBJC_MSGSEND = YES;
				GCC_C_LANGUAGE_STANDARD = gnu11;
				GCC_NO_COMMON_BLOCKS = YES;
				GCC_WARN_64_TO_32_BIT_CONVERSION = YES;
				GCC_WARN_ABOUT_RETURN_TYPE = YES_ERROR;
				GCC_WARN_UNDECLARED_SELECTOR = YES;
				GCC_WARN_UNINITIALIZED_AUTOS = YES_AGGRESSIVE;
				GCC_WARN_UNUSED_FUNCTION = YES;
				GCC_WARN_UNUSED_VARIABLE = YES;
				IPHONEOS_DEPLOYMENT_TARGET = 11.2;
				MTL_ENABLE_DEBUG_INFO = NO;
				SDKROOT = iphoneos;
				SWIFT_COMPILATION_MODE = wholemodule;
				SWIFT_OPTIMIZATION_LEVEL = "-O";
				VALIDATE_PRODUCT = YES;
			};
			name = Release;
		};
		22903F8A208BCDAF00A44314 /* Debug */ = {
			isa = XCBuildConfiguration;
			baseConfigurationReference = A02A03D838126864C3FE0DF8 /* Pods-Rebecca Inspires.debug.xcconfig */;
			buildSettings = {
				ASSETCATALOG_COMPILER_APPICON_NAME = AppIcon;
				CLANG_ENABLE_MODULES = YES;
				CODE_SIGN_STYLE = Automatic;
				DEVELOPMENT_TEAM = 8NVY4CRKVK;
				FRAMEWORK_SEARCH_PATHS = (
					"$(inherited)",
					"$(PROJECT_DIR)/Rebecca\\ Inspires/Twitter-Kit-iOS",
					"$(PROJECT_DIR)/Rebecca\\ Inspires/Twitter-Kit-iOS",
					"$(PROJECT_DIR)/Rebecca\\ Inspires/Twitter-Kit-iOS",
					"$(PROJECT_DIR)/Rebecca\\ Inspires/Twitter-Kit-iOS",
					"$(PROJECT_DIR)/Rebecca\\ Inspires/Twitter-Kit-iOS",
					"$(PROJECT_DIR)/Rebecca\\ Inspires/aws-ios-sdk-2.6.16/frameworks",
					"$(PROJECT_DIR)/Rebecca\\ Inspires/aws-ios-sdk-2.6.16/frameworks",
					"$(PROJECT_DIR)/Rebecca\\ Inspires/aws-ios-sdk-2.6.16/frameworks",
					"$(PROJECT_DIR)/Rebecca\\ Inspires/aws-ios-sdk-2.6.16/frameworks",
					"$(PROJECT_DIR)/Rebecca\\ Inspires/aws-ios-sdk-2.6.16/frameworks",
					"$(PROJECT_DIR)/Rebecca\\ Inspires/aws-ios-sdk-2.6.16/frameworks",
					"$(PROJECT_DIR)/Rebecca\\ Inspires/aws-ios-sdk-2.6.16/frameworks",
					"$(PROJECT_DIR)/Rebecca\\ Inspires/aws-ios-sdk-2.6.16/frameworks",
					"$(PROJECT_DIR)/Rebecca\\ Inspires/aws-ios-sdk-2.6.16/frameworks",
					"$(PROJECT_DIR)/Rebecca\\ Inspires/aws-ios-sdk-2.6.16/frameworks",
					"$(PROJECT_DIR)/Rebecca\\ Inspires/aws-ios-sdk-2.6.16/frameworks",
					"$(PROJECT_DIR)/Rebecca\\ Inspires/aws-ios-sdk-2.6.16/frameworks",
					"$(PROJECT_DIR)/Rebecca\\ Inspires/aws-ios-sdk-2.6.16/frameworks",
					"$(PROJECT_DIR)/Rebecca\\ Inspires/aws-ios-sdk-2.6.16/frameworks",
					"$(PROJECT_DIR)/Rebecca\\ Inspires/aws-ios-sdk-2.6.16/frameworks",
					"$(PROJECT_DIR)/Rebecca\\ Inspires/aws-ios-sdk-2.6.16/frameworks",
					"$(PROJECT_DIR)/Rebecca\\ Inspires/aws-ios-sdk-2.6.16/frameworks",
					"$(PROJECT_DIR)/Rebecca\\ Inspires/aws-ios-sdk-2.6.16/frameworks",
					"$(PROJECT_DIR)/Rebecca\\ Inspires/aws-ios-sdk-2.6.16/frameworks",
					"$(PROJECT_DIR)/Rebecca\\ Inspires/aws-ios-sdk-2.6.16/frameworks",
					"$(PROJECT_DIR)/Rebecca\\ Inspires/aws-ios-sdk-2.6.16/frameworks",
					"$(PROJECT_DIR)/Rebecca\\ Inspires/aws-ios-sdk-2.6.16/frameworks",
					"$(PROJECT_DIR)/Rebecca\\ Inspires/aws-ios-sdk-2.6.16/frameworks",
					"$(PROJECT_DIR)/Rebecca\\ Inspires/aws-ios-sdk-2.6.16/frameworks",
					"$(PROJECT_DIR)/Rebecca\\ Inspires/aws-ios-sdk-2.6.16/frameworks",
					"$(PROJECT_DIR)/Rebecca\\ Inspires/aws-ios-sdk-2.6.16/frameworks",
					"$(PROJECT_DIR)/Rebecca\\ Inspires/aws-ios-sdk-2.6.16/frameworks",
					"$(PROJECT_DIR)/Rebecca\\ Inspires/aws-ios-sdk-2.6.16/frameworks",
					"$(PROJECT_DIR)/Rebecca\\ Inspires/aws-ios-sdk-2.6.16/frameworks",
					"$(PROJECT_DIR)/Rebecca\\ Inspires/aws-ios-sdk-2.6.16/frameworks",
					"$(PROJECT_DIR)/Rebecca\\ Inspires/aws-ios-sdk-2.6.16/frameworks",
					"$(PROJECT_DIR)/Rebecca\\ Inspires/aws-ios-sdk-2.6.16/frameworks",
					"$(PROJECT_DIR)/Rebecca\\ Inspires/aws-ios-sdk-2.6.16/frameworks",
				);
				INFOPLIST_FILE = "Rebecca Inspires/Info.plist";
				LD_RUNPATH_SEARCH_PATHS = (
					"$(inherited)",
					"@executable_path/Frameworks",
				);
				PRODUCT_BUNDLE_IDENTIFIER = RHMC.RebeccaInspires;
				PRODUCT_NAME = "$(TARGET_NAME)";
				SWIFT_COMPILATION_MODE = singlefile;
				SWIFT_OBJC_BRIDGING_HEADER = "Rebecca Inspires/Rebecca Inspires-Bridging-Header.h";
				SWIFT_OPTIMIZATION_LEVEL = "-Onone";
				SWIFT_VERSION = 4.0;
				TARGETED_DEVICE_FAMILY = "1,2";
			};
			name = Debug;
		};
		22903F8B208BCDAF00A44314 /* Release */ = {
			isa = XCBuildConfiguration;
			baseConfigurationReference = 6B62A7DCD12B89C770425D2B /* Pods-Rebecca Inspires.release.xcconfig */;
			buildSettings = {
				ASSETCATALOG_COMPILER_APPICON_NAME = AppIcon;
				CLANG_ENABLE_MODULES = YES;
				CODE_SIGN_STYLE = Automatic;
				DEVELOPMENT_TEAM = 8NVY4CRKVK;
				FRAMEWORK_SEARCH_PATHS = (
					"$(inherited)",
					"$(PROJECT_DIR)/Rebecca\\ Inspires/Twitter-Kit-iOS",
					"$(PROJECT_DIR)/Rebecca\\ Inspires/Twitter-Kit-iOS",
					"$(PROJECT_DIR)/Rebecca\\ Inspires/Twitter-Kit-iOS",
					"$(PROJECT_DIR)/Rebecca\\ Inspires/Twitter-Kit-iOS",
					"$(PROJECT_DIR)/Rebecca\\ Inspires/Twitter-Kit-iOS",
					"$(PROJECT_DIR)/Rebecca\\ Inspires/aws-ios-sdk-2.6.16/frameworks",
					"$(PROJECT_DIR)/Rebecca\\ Inspires/aws-ios-sdk-2.6.16/frameworks",
					"$(PROJECT_DIR)/Rebecca\\ Inspires/aws-ios-sdk-2.6.16/frameworks",
					"$(PROJECT_DIR)/Rebecca\\ Inspires/aws-ios-sdk-2.6.16/frameworks",
					"$(PROJECT_DIR)/Rebecca\\ Inspires/aws-ios-sdk-2.6.16/frameworks",
					"$(PROJECT_DIR)/Rebecca\\ Inspires/aws-ios-sdk-2.6.16/frameworks",
					"$(PROJECT_DIR)/Rebecca\\ Inspires/aws-ios-sdk-2.6.16/frameworks",
					"$(PROJECT_DIR)/Rebecca\\ Inspires/aws-ios-sdk-2.6.16/frameworks",
					"$(PROJECT_DIR)/Rebecca\\ Inspires/aws-ios-sdk-2.6.16/frameworks",
					"$(PROJECT_DIR)/Rebecca\\ Inspires/aws-ios-sdk-2.6.16/frameworks",
					"$(PROJECT_DIR)/Rebecca\\ Inspires/aws-ios-sdk-2.6.16/frameworks",
					"$(PROJECT_DIR)/Rebecca\\ Inspires/aws-ios-sdk-2.6.16/frameworks",
					"$(PROJECT_DIR)/Rebecca\\ Inspires/aws-ios-sdk-2.6.16/frameworks",
					"$(PROJECT_DIR)/Rebecca\\ Inspires/aws-ios-sdk-2.6.16/frameworks",
					"$(PROJECT_DIR)/Rebecca\\ Inspires/aws-ios-sdk-2.6.16/frameworks",
					"$(PROJECT_DIR)/Rebecca\\ Inspires/aws-ios-sdk-2.6.16/frameworks",
					"$(PROJECT_DIR)/Rebecca\\ Inspires/aws-ios-sdk-2.6.16/frameworks",
					"$(PROJECT_DIR)/Rebecca\\ Inspires/aws-ios-sdk-2.6.16/frameworks",
					"$(PROJECT_DIR)/Rebecca\\ Inspires/aws-ios-sdk-2.6.16/frameworks",
					"$(PROJECT_DIR)/Rebecca\\ Inspires/aws-ios-sdk-2.6.16/frameworks",
					"$(PROJECT_DIR)/Rebecca\\ Inspires/aws-ios-sdk-2.6.16/frameworks",
					"$(PROJECT_DIR)/Rebecca\\ Inspires/aws-ios-sdk-2.6.16/frameworks",
					"$(PROJECT_DIR)/Rebecca\\ Inspires/aws-ios-sdk-2.6.16/frameworks",
					"$(PROJECT_DIR)/Rebecca\\ Inspires/aws-ios-sdk-2.6.16/frameworks",
					"$(PROJECT_DIR)/Rebecca\\ Inspires/aws-ios-sdk-2.6.16/frameworks",
					"$(PROJECT_DIR)/Rebecca\\ Inspires/aws-ios-sdk-2.6.16/frameworks",
					"$(PROJECT_DIR)/Rebecca\\ Inspires/aws-ios-sdk-2.6.16/frameworks",
					"$(PROJECT_DIR)/Rebecca\\ Inspires/aws-ios-sdk-2.6.16/frameworks",
					"$(PROJECT_DIR)/Rebecca\\ Inspires/aws-ios-sdk-2.6.16/frameworks",
					"$(PROJECT_DIR)/Rebecca\\ Inspires/aws-ios-sdk-2.6.16/frameworks",
					"$(PROJECT_DIR)/Rebecca\\ Inspires/aws-ios-sdk-2.6.16/frameworks",
					"$(PROJECT_DIR)/Rebecca\\ Inspires/aws-ios-sdk-2.6.16/frameworks",
					"$(PROJECT_DIR)/Rebecca\\ Inspires/aws-ios-sdk-2.6.16/frameworks",
				);
				INFOPLIST_FILE = "Rebecca Inspires/Info.plist";
				LD_RUNPATH_SEARCH_PATHS = (
					"$(inherited)",
					"@executable_path/Frameworks",
				);
				PRODUCT_BUNDLE_IDENTIFIER = RHMC.RebeccaInspires;
				PRODUCT_NAME = "$(TARGET_NAME)";
				SWIFT_OBJC_BRIDGING_HEADER = "Rebecca Inspires/Rebecca Inspires-Bridging-Header.h";
				SWIFT_VERSION = 4.0;
				TARGETED_DEVICE_FAMILY = "1,2";
			};
			name = Release;
		};
		22903F8D208BCDAF00A44314 /* Debug */ = {
			isa = XCBuildConfiguration;
			baseConfigurationReference = 55709B5D02BD804EA85BFF71 /* Pods-Rebecca InspiresTests.debug.xcconfig */;
			buildSettings = {
				ALWAYS_EMBED_SWIFT_STANDARD_LIBRARIES = YES;
				BUNDLE_LOADER = "$(TEST_HOST)";
				CODE_SIGN_STYLE = Automatic;
				DEVELOPMENT_TEAM = 8NVY4CRKVK;
				INFOPLIST_FILE = "Rebecca InspiresTests/Info.plist";
				LD_RUNPATH_SEARCH_PATHS = (
					"$(inherited)",
					"@executable_path/Frameworks",
					"@loader_path/Frameworks",
				);
				PRODUCT_BUNDLE_IDENTIFIER = "RHMC.Rebecca-InspiresTests";
				PRODUCT_NAME = "$(TARGET_NAME)";
				SWIFT_VERSION = 4.0;
				TARGETED_DEVICE_FAMILY = "1,2";
				TEST_HOST = "$(BUILT_PRODUCTS_DIR)/Rebecca Inspires.app/Rebecca Inspires";
			};
			name = Debug;
		};
		22903F8E208BCDAF00A44314 /* Release */ = {
			isa = XCBuildConfiguration;
			baseConfigurationReference = A97E7CB5039DA0FB2EF85914 /* Pods-Rebecca InspiresTests.release.xcconfig */;
			buildSettings = {
				ALWAYS_EMBED_SWIFT_STANDARD_LIBRARIES = YES;
				BUNDLE_LOADER = "$(TEST_HOST)";
				CODE_SIGN_STYLE = Automatic;
				DEVELOPMENT_TEAM = 8NVY4CRKVK;
				INFOPLIST_FILE = "Rebecca InspiresTests/Info.plist";
				LD_RUNPATH_SEARCH_PATHS = (
					"$(inherited)",
					"@executable_path/Frameworks",
					"@loader_path/Frameworks",
				);
				PRODUCT_BUNDLE_IDENTIFIER = "RHMC.Rebecca-InspiresTests";
				PRODUCT_NAME = "$(TARGET_NAME)";
				SWIFT_VERSION = 4.0;
				TARGETED_DEVICE_FAMILY = "1,2";
				TEST_HOST = "$(BUILT_PRODUCTS_DIR)/Rebecca Inspires.app/Rebecca Inspires";
			};
			name = Release;
		};
		22903F90208BCDAF00A44314 /* Debug */ = {
			isa = XCBuildConfiguration;
			baseConfigurationReference = 58A818B2EBD46C13DB2D877A /* Pods-Rebecca InspiresUITests.debug.xcconfig */;
			buildSettings = {
				ALWAYS_EMBED_SWIFT_STANDARD_LIBRARIES = YES;
				CODE_SIGN_STYLE = Automatic;
				DEVELOPMENT_TEAM = 8NVY4CRKVK;
				INFOPLIST_FILE = "Rebecca InspiresUITests/Info.plist";
				LD_RUNPATH_SEARCH_PATHS = (
					"$(inherited)",
					"@executable_path/Frameworks",
					"@loader_path/Frameworks",
				);
				PRODUCT_BUNDLE_IDENTIFIER = "RHMC.Rebecca-InspiresUITests";
				PRODUCT_NAME = "$(TARGET_NAME)";
				SWIFT_VERSION = 4.0;
				TARGETED_DEVICE_FAMILY = "1,2";
				TEST_TARGET_NAME = "Rebecca Inspires";
			};
			name = Debug;
		};
		22903F91208BCDAF00A44314 /* Release */ = {
			isa = XCBuildConfiguration;
			baseConfigurationReference = 5115627809850D79B84A97A0 /* Pods-Rebecca InspiresUITests.release.xcconfig */;
			buildSettings = {
				ALWAYS_EMBED_SWIFT_STANDARD_LIBRARIES = YES;
				CODE_SIGN_STYLE = Automatic;
				DEVELOPMENT_TEAM = 8NVY4CRKVK;
				INFOPLIST_FILE = "Rebecca InspiresUITests/Info.plist";
				LD_RUNPATH_SEARCH_PATHS = (
					"$(inherited)",
					"@executable_path/Frameworks",
					"@loader_path/Frameworks",
				);
				PRODUCT_BUNDLE_IDENTIFIER = "RHMC.Rebecca-InspiresUITests";
				PRODUCT_NAME = "$(TARGET_NAME)";
				SWIFT_VERSION = 4.0;
				TARGETED_DEVICE_FAMILY = "1,2";
				TEST_TARGET_NAME = "Rebecca Inspires";
			};
			name = Release;
		};
/* End XCBuildConfiguration section */

/* Begin XCConfigurationList section */
		22903F5C208BCDAF00A44314 /* Build configuration list for PBXProject "Rebecca Inspires" */ = {
			isa = XCConfigurationList;
			buildConfigurations = (
				22903F87208BCDAF00A44314 /* Debug */,
				22903F88208BCDAF00A44314 /* Release */,
			);
			defaultConfigurationIsVisible = 0;
			defaultConfigurationName = Release;
		};
		22903F89208BCDAF00A44314 /* Build configuration list for PBXNativeTarget "Rebecca Inspires" */ = {
			isa = XCConfigurationList;
			buildConfigurations = (
				22903F8A208BCDAF00A44314 /* Debug */,
				22903F8B208BCDAF00A44314 /* Release */,
			);
			defaultConfigurationIsVisible = 0;
			defaultConfigurationName = Release;
		};
		22903F8C208BCDAF00A44314 /* Build configuration list for PBXNativeTarget "Rebecca InspiresTests" */ = {
			isa = XCConfigurationList;
			buildConfigurations = (
				22903F8D208BCDAF00A44314 /* Debug */,
				22903F8E208BCDAF00A44314 /* Release */,
			);
			defaultConfigurationIsVisible = 0;
			defaultConfigurationName = Release;
		};
		22903F8F208BCDAF00A44314 /* Build configuration list for PBXNativeTarget "Rebecca InspiresUITests" */ = {
			isa = XCConfigurationList;
			buildConfigurations = (
				22903F90208BCDAF00A44314 /* Debug */,
				22903F91208BCDAF00A44314 /* Release */,
			);
			defaultConfigurationIsVisible = 0;
			defaultConfigurationName = Release;
		};
/* End XCConfigurationList section */
	};
	rootObject = 22903F59208BCDAF00A44314 /* Project object */;
}
